Microsoft Visual Studio Solution File, Format Version 12.00
# Visual Studio Version 17
VisualStudioVersion = 17.5.2.0
MinimumVisualStudioVersion = 10.0.40219.1
Project("{FAE04EC0-301F-11D3-BF4B-00C04F79EFBC}") = "Pruebaa", "Pruebaa.csproj", "{3A0C31D2-E2D8-24B9-0BAA-1EF1D0C20F5F}"
EndProject
Global
	GlobalSection(SolutionConfigurationPlatforms) = preSolution
		Debug|Any CPU = Debug|Any CPU
		Release|Any CPU = Release|Any CPU
	EndGlobalSection
	GlobalSection(ProjectConfigurationPlatforms) = postSolution
		{3A0C31D2-E2D8-24B9-0BAA-1EF1D0C20F5F}.Debug|Any CPU.ActiveCfg = Debug|Any CPU
		{3A0C31D2-E2D8-24B9-0BAA-1EF1D0C20F5F}.Debug|Any CPU.Build.0 = Debug|Any CPU
		{3A0C31D2-E2D8-24B9-0BAA-1EF1D0C20F5F}.Release|Any CPU.ActiveCfg = Release|Any CPU
		{3A0C31D2-E2D8-24B9-0BAA-1EF1D0C20F5F}.Release|Any CPU.Build.0 = Release|Any CPU
	EndGlobalSection
	GlobalSection(SolutionProperties) = preSolution
		HideSolutionNode = FALSE
	EndGlobalSection
	GlobalSection(ExtensibilityGlobals) = postSolution
		SolutionGuid = {CBD5CE56-3B7F-4990-9C32-5B8BE3E78ECF}
	EndGlobalSection
EndGlobal
